// !$*UTF8*$!
{
	archiveVersion = 1;
	classes = {
	};
	objectVersion = 46;
	objects = {

/* Begin PBXBuildFile section */
		A72DEC7B1C1D73CF0024A606 /* AppDelegate.swift in Sources */ = {isa = PBXBuildFile; fileRef = A72DEC7A1C1D73CF0024A606 /* AppDelegate.swift */; };
		A72DEC7D1C1D73CF0024A606 /* ViewController.swift in Sources */ = {isa = PBXBuildFile; fileRef = A72DEC7C1C1D73CF0024A606 /* ViewController.swift */; };
		A72DEC801C1D73CF0024A606 /* Main.storyboard in Resources */ = {isa = PBXBuildFile; fileRef = A72DEC7E1C1D73CF0024A606 /* Main.storyboard */; };
		A72DEC821C1D73CF0024A606 /* Assets.xcassets in Resources */ = {isa = PBXBuildFile; fileRef = A72DEC811C1D73CF0024A606 /* Assets.xcassets */; };
		A72DEC851C1D73CF0024A606 /* LaunchScreen.storyboard in Resources */ = {isa = PBXBuildFile; fileRef = A72DEC831C1D73CF0024A606 /* LaunchScreen.storyboard */; };
		A72DEC901C1D73CF0024A606 /* GitHub_TutorialTests.swift in Sources */ = {isa = PBXBuildFile; fileRef = A72DEC8F1C1D73CF0024A606 /* GitHub_TutorialTests.swift */; };
		A72DEC9B1C1D73CF0024A606 /* GitHub_TutorialUITests.swift in Sources */ = {isa = PBXBuildFile; fileRef = A72DEC9A1C1D73CF0024A606 /* GitHub_TutorialUITests.swift */; };
/* End PBXBuildFile section */

/* Begin PBXContainerItemProxy section */
		A72DEC8C1C1D73CF0024A606 /* PBXContainerItemProxy */ = {
			isa = PBXContainerItemProxy;
			containerPortal = A72DEC6F1C1D73CF0024A606 /* Project object */;
			proxyType = 1;
			remoteGlobalIDString = A72DEC761C1D73CF0024A606;
			remoteInfo = "GitHub Tutorial";
		};
		A72DEC971C1D73CF0024A606 /* PBXContainerItemProxy */ = {
			isa = PBXContainerItemProxy;
			containerPortal = A72DEC6F1C1D73CF0024A606 /* Project object */;
			proxyType = 1;
			remoteGlobalIDString = A72DEC761C1D73CF0024A606;
			remoteInfo = "GitHub Tutorial";
		};
/* End PBXContainerItemProxy section */

/* Begin PBXFileReference section */
		A72DEC771C1D73CF0024A606 /* GitHub Tutorial.app */ = {isa = PBXFileReference; explicitFileType = wrapper.application; includeInIndex = 0; path = "GitHub Tutorial.app"; sourceTree = BUILT_PRODUCTS_DIR; };
		A72DEC7A1C1D73CF0024A606 /* AppDelegate.swift */ = {isa = PBXFileReference; lastKnownFileType = sourcecode.swift; path = AppDelegate.swift; sourceTree = "<group>"; };
		A72DEC7C1C1D73CF0024A606 /* ViewController.swift */ = {isa = PBXFileReference; lastKnownFileType = sourcecode.swift; path = ViewController.swift; sourceTree = "<group>"; };
		A72DEC7F1C1D73CF0024A606 /* Base */ = {isa = PBXFileReference; lastKnownFileType = file.storyboard; name = Base; path = Base.lproj/Main.storyboard; sourceTree = "<group>"; };
		A72DEC811C1D73CF0024A606 /* Assets.xcassets */ = {isa = PBXFileReference; lastKnownFileType = folder.assetcatalog; path = Assets.xcassets; sourceTree = "<group>"; };
		A72DEC841C1D73CF0024A606 /* Base */ = {isa = PBXFileReference; lastKnownFileType = file.storyboard; name = Base; path = Base.lproj/LaunchScreen.storyboard; sourceTree = "<group>"; };
		A72DEC861C1D73CF0024A606 /* Info.plist */ = {isa = PBXFileReference; lastKnownFileType = text.plist.xml; path = Info.plist; sourceTree = "<group>"; };
		A72DEC8B1C1D73CF0024A606 /* GitHub TutorialTests.xctest */ = {isa = PBXFileReference; explicitFileType = wrapper.cfbundle; includeInIndex = 0; path = "GitHub TutorialTests.xctest"; sourceTree = BUILT_PRODUCTS_DIR; };
		A72DEC8F1C1D73CF0024A606 /* GitHub_TutorialTests.swift */ = {isa = PBXFileReference; lastKnownFileType = sourcecode.swift; path = GitHub_TutorialTests.swift; sourceTree = "<group>"; };
		A72DEC911C1D73CF0024A606 /* Info.plist */ = {isa = PBXFileReference; lastKnownFileType = text.plist.xml; path = Info.plist; sourceTree = "<group>"; };
		A72DEC961C1D73CF0024A606 /* GitHub TutorialUITests.xctest */ = {isa = PBXFileReference; explicitFileType = wrapper.cfbundle; includeInIndex = 0; path = "GitHub TutorialUITests.xctest"; sourceTree = BUILT_PRODUCTS_DIR; };
		A72DEC9A1C1D73CF0024A606 /* GitHub_TutorialUITests.swift */ = {isa = PBXFileReference; lastKnownFileType = sourcecode.swift; path = GitHub_TutorialUITests.swift; sourceTree = "<group>"; };
		A72DEC9C1C1D73CF0024A606 /* Info.plist */ = {isa = PBXFileReference; lastKnownFileType = text.plist.xml; path = Info.plist; sourceTree = "<group>"; };
/* End PBXFileReference section */

/* Begin PBXFrameworksBuildPhase section */
		A72DEC741C1D73CF0024A606 /* Frameworks */ = {
			isa = PBXFrameworksBuildPhase;
			buildActionMask = 2147483647;
			files = (
			);
			runOnlyForDeploymentPostprocessing = 0;
		};
		A72DEC881C1D73CF0024A606 /* Frameworks */ = {
			isa = PBXFrameworksBuildPhase;
			buildActionMask = 2147483647;
			files = (
			);
			runOnlyForDeploymentPostprocessing = 0;
		};
		A72DEC931C1D73CF0024A606 /* Frameworks */ = {
			isa = PBXFrameworksBuildPhase;
			buildActionMask = 2147483647;
			files = (
			);
			runOnlyForDeploymentPostprocessing = 0;
		};
/* End PBXFrameworksBuildPhase section */

/* Begin PBXGroup section */
		A72DEC6E1C1D73CF0024A606 = {
			isa = PBXGroup;
			children = (
				A72DEC791C1D73CF0024A606 /* GitHub Tutorial */,
				A72DEC8E1C1D73CF0024A606 /* GitHub TutorialTests */,
				A72DEC991C1D73CF0024A606 /* GitHub TutorialUITests */,
				A72DEC781C1D73CF0024A606 /* Products */,
			);
			sourceTree = "<group>";
		};
		A72DEC781C1D73CF0024A606 /* Products */ = {
			isa = PBXGroup;
			children = (
				A72DEC771C1D73CF0024A606 /* GitHub Tutorial.app */,
				A72DEC8B1C1D73CF0024A606 /* GitHub TutorialTests.xctest */,
				A72DEC961C1D73CF0024A606 /* GitHub TutorialUITests.xctest */,
			);
			name = Products;
			sourceTree = "<group>";
		};
		A72DEC791C1D73CF0024A606 /* GitHub Tutorial */ = {
			isa = PBXGroup;
			children = (
				A72DEC7A1C1D73CF0024A606 /* AppDelegate.swift */,
				A72DEC7C1C1D73CF0024A606 /* ViewController.swift */,
				A72DEC7E1C1D73CF0024A606 /* Main.storyboard */,
				A72DEC811C1D73CF0024A606 /* Assets.xcassets */,
				A72DEC831C1D73CF0024A606 /* LaunchScreen.storyboard */,
				A72DEC861C1D73CF0024A606 /* Info.plist */,
			);
			path = "GitHub Tutorial";
			sourceTree = "<group>";
		};
		A72DEC8E1C1D73CF0024A606 /* GitHub TutorialTests */ = {
			isa = PBXGroup;
			children = (
				A72DEC8F1C1D73CF0024A606 /* GitHub_TutorialTests.swift */,
				A72DEC911C1D73CF0024A606 /* Info.plist */,
			);
			path = "GitHub TutorialTests";
			sourceTree = "<group>";
		};
		A72DEC991C1D73CF0024A606 /* GitHub TutorialUITests */ = {
			isa = PBXGroup;
			children = (
				A72DEC9A1C1D73CF0024A606 /* GitHub_TutorialUITests.swift */,
				A72DEC9C1C1D73CF0024A606 /* Info.plist */,
			);
			path = "GitHub TutorialUITests";
			sourceTree = "<group>";
		};
/* End PBXGroup section */

/* Begin PBXNativeTarget section */
		A72DEC761C1D73CF0024A606 /* GitHub Tutorial */ = {
			isa = PBXNativeTarget;
			buildConfigurationList = A72DEC9F1C1D73CF0024A606 /* Build configuration list for PBXNativeTarget "GitHub Tutorial" */;
			buildPhases = (
				A72DEC731C1D73CF0024A606 /* Sources */,
				A72DEC741C1D73CF0024A606 /* Frameworks */,
				A72DEC751C1D73CF0024A606 /* Resources */,
			);
			buildRules = (
			);
			dependencies = (
			);
			name = "GitHub Tutorial";
			productName = "GitHub Tutorial";
			productReference = A72DEC771C1D73CF0024A606 /* GitHub Tutorial.app */;
			productType = "com.apple.product-type.application";
		};
		A72DEC8A1C1D73CF0024A606 /* GitHub TutorialTests */ = {
			isa = PBXNativeTarget;
			buildConfigurationList = A72DECA21C1D73CF0024A606 /* Build configuration list for PBXNativeTarget "GitHub TutorialTests" */;
			buildPhases = (
				A72DEC871C1D73CF0024A606 /* Sources */,
				A72DEC881C1D73CF0024A606 /* Frameworks */,
				A72DEC891C1D73CF0024A606 /* Resources */,
			);
			buildRules = (
			);
			dependencies = (
				A72DEC8D1C1D73CF0024A606 /* PBXTargetDependency */,
			);
			name = "GitHub TutorialTests";
			productName = "GitHub TutorialTests";
			productReference = A72DEC8B1C1D73CF0024A606 /* GitHub TutorialTests.xctest */;
			productType = "com.apple.product-type.bundle.unit-test";
		};
		A72DEC951C1D73CF0024A606 /* GitHub TutorialUITests */ = {
			isa = PBXNativeTarget;
			buildConfigurationList = A72DECA51C1D73CF0024A606 /* Build configuration list for PBXNativeTarget "GitHub TutorialUITests" */;
			buildPhases = (
				A72DEC921C1D73CF0024A606 /* Sources */,
				A72DEC931C1D73CF0024A606 /* Frameworks */,
				A72DEC941C1D73CF0024A606 /* Resources */,
			);
			buildRules = (
			);
			dependencies = (
				A72DEC981C1D73CF0024A606 /* PBXTargetDependency */,
			);
			name = "GitHub TutorialUITests";
			productName = "GitHub TutorialUITests";
			productReference = A72DEC961C1D73CF0024A606 /* GitHub TutorialUITests.xctest */;
			productType = "com.apple.product-type.bundle.ui-testing";
		};
/* End PBXNativeTarget section */

/* Begin PBXProject section */
		A72DEC6F1C1D73CF0024A606 /* Project object */ = {
			isa = PBXProject;
			attributes = {
				LastSwiftUpdateCheck = 0720;
				LastUpgradeCheck = 0720;
				ORGANIZATIONNAME = "Sanaya Sanghvi";
				TargetAttributes = {
					A72DEC761C1D73CF0024A606 = {
						CreatedOnToolsVersion = 7.2;
					};
					A72DEC8A1C1D73CF0024A606 = {
						CreatedOnToolsVersion = 7.2;
						TestTargetID = A72DEC761C1D73CF0024A606;
					};
					A72DEC951C1D73CF0024A606 = {
						CreatedOnToolsVersion = 7.2;
						TestTargetID = A72DEC761C1D73CF0024A606;
					};
				};
			};
			buildConfigurationList = A72DEC721C1D73CF0024A606 /* Build configuration list for PBXProject "GitHub Tutorial" */;
			compatibilityVersion = "Xcode 3.2";
			developmentRegion = English;
			hasScannedForEncodings = 0;
			knownRegions = (
				en,
				Base,
			);
			mainGroup = A72DEC6E1C1D73CF0024A606;
			productRefGroup = A72DEC781C1D73CF0024A606 /* Products */;
			projectDirPath = "";
			projectRoot = "";
			targets = (
				A72DEC761C1D73CF0024A606 /* GitHub Tutorial */,
				A72DEC8A1C1D73CF0024A606 /* GitHub TutorialTests */,
				A72DEC951C1D73CF0024A606 /* GitHub TutorialUITests */,
			);
		};
/* End PBXProject section */

/* Begin PBXResourcesBuildPhase section */
		A72DEC751C1D73CF0024A606 /* Resources */ = {
			isa = PBXResourcesBuildPhase;
			buildActionMask = 2147483647;
			files = (
				A72DEC851C1D73CF0024A606 /* LaunchScreen.storyboard in Resources */,
				A72DEC821C1D73CF0024A606 /* Assets.xcassets in Resources */,
				A72DEC801C1D73CF0024A606 /* Main.storyboard in Resources */,
			);
			runOnlyForDeploymentPostprocessing = 0;
		};
		A72DEC891C1D73CF0024A606 /* Resources */ = {
			isa = PBXResourcesBuildPhase;
			buildActionMask = 2147483647;
			files = (
			);
			runOnlyForDeploymentPostprocessing = 0;
		};
		A72DEC941C1D73CF0024A606 /* Resources */ = {
			isa = PBXResourcesBuildPhase;
			buildActionMask = 2147483647;
			files = (
			);
			runOnlyForDeploymentPostprocessing = 0;
		};
/* End PBXResourcesBuildPhase section */

/* Begin PBXSourcesBuildPhase section */
		A72DEC731C1D73CF0024A606 /* Sources */ = {
			isa = PBXSourcesBuildPhase;
			buildActionMask = 2147483647;
			files = (
				A72DEC7D1C1D73CF0024A606 /* ViewController.swift in Sources */,
				A72DEC7B1C1D73CF0024A606 /* AppDelegate.swift in Sources */,
			);
			runOnlyForDeploymentPostprocessing = 0;
		};
		A72DEC871C1D73CF0024A606 /* Sources */ = {
			isa = PBXSourcesBuildPhase;
			buildActionMask = 2147483647;
			files = (
				A72DEC901C1D73CF0024A606 /* GitHub_TutorialTests.swift in Sources */,
			);
			runOnlyForDeploymentPostprocessing = 0;
		};
		A72DEC921C1D73CF0024A606 /* Sources */ = {
			isa = PBXSourcesBuildPhase;
			buildActionMask = 2147483647;
			files = (
				A72DEC9B1C1D73CF0024A606 /* GitHub_TutorialUITests.swift in Sources */,
			);
			runOnlyForDeploymentPostprocessing = 0;
		};
/* End PBXSourcesBuildPhase section */

/* Begin PBXTargetDependency section */
		A72DEC8D1C1D73CF0024A606 /* PBXTargetDependency */ = {
			isa = PBXTargetDependency;
			target = A72DEC761C1D73CF0024A606 /* GitHub Tutorial */;
			targetProxy = A72DEC8C1C1D73CF0024A606 /* PBXContainerItemProxy */;
		};
		A72DEC981C1D73CF0024A606 /* PBXTargetDependency */ = {
			isa = PBXTargetDependency;
			target = A72DEC761C1D73CF0024A606 /* GitHub Tutorial */;
			targetProxy = A72DEC971C1D73CF0024A606 /* PBXContainerItemProxy */;
		};
/* End PBXTargetDependency section */

/* Begin PBXVariantGroup section */
		A72DEC7E1C1D73CF0024A606 /* Main.storyboard */ = {
			isa = PBXVariantGroup;
			children = (
				A72DEC7F1C1D73CF0024A606 /* Base */,
			);
			name = Main.storyboard;
			sourceTree = "<group>";
		};
		A72DEC831C1D73CF0024A606 /* LaunchScreen.storyboard */ = {
			isa = PBXVariantGroup;
			children = (
				A72DEC841C1D73CF0024A606 /* Base */,
			);
			name = LaunchScreen.storyboard;
			sourceTree = "<group>";
		};
/* End PBXVariantGroup section */

/* Begin XCBuildConfiguration section */
		A72DEC9D1C1D73CF0024A606 /* Debug */ = {
			isa = XCBuildConfiguration;
			buildSettings = {
				ALWAYS_SEARCH_USER_PATHS = NO;
				CLANG_CXX_LANGUAGE_STANDARD = "gnu++0x";
				CLANG_CXX_LIBRARY = "libc++";
				CLANG_ENABLE_MODULES = YES;
				CLANG_ENABLE_OBJC_ARC = YES;
				CLANG_WARN_BOOL_CONVERSION = YES;
				CLANG_WARN_CONSTANT_CONVERSION = YES;
				CLANG_WARN_DIRECT_OBJC_ISA_USAGE = YES_ERROR;
				CLANG_WARN_EMPTY_BODY = YES;
				CLANG_WARN_ENUM_CONVERSION = YES;
				CLANG_WARN_INT_CONVERSION = YES;
				CLANG_WARN_OBJC_ROOT_CLASS = YES_ERROR;
				CLANG_WARN_UNREACHABLE_CODE = YES;
				CLANG_WARN__DUPLICATE_METHOD_MATCH = YES;
				"CODE_SIGN_IDENTITY[sdk=iphoneos*]" = "iPhone Developer";
				COPY_PHASE_STRIP = NO;
				DEBUG_INFORMATION_FORMAT = dwarf;
				ENABLE_STRICT_OBJC_MSGSEND = YES;
				ENABLE_TESTABILITY = YES;
				GCC_C_LANGUAGE_STANDARD = gnu99;
				GCC_DYNAMIC_NO_PIC = NO;
				GCC_NO_COMMON_BLOCKS = YES;
				GCC_OPTIMIZATION_LEVEL = 0;
				GCC_PREPROCESSOR_DEFINITIONS = (
					"DEBUG=1",
					"$(inherited)",
				);
				GCC_WARN_64_TO_32_BIT_CONVERSION = YES;
				GCC_WARN_ABOUT_RETURN_TYPE = YES_ERROR;
				GCC_WARN_UNDECLARED_SELECTOR = YES;
				GCC_WARN_UNINITIALIZED_AUTOS = YES_AGGRESSIVE;
				GCC_WARN_UNUSED_FUNCTION = YES;
				GCC_WARN_UNUSED_VARIABLE = YES;
				IPHONEOS_DEPLOYMENT_TARGET = 9.2;
				MTL_ENABLE_DEBUG_INFO = YES;
				ONLY_ACTIVE_ARCH = YES;
				SDKROOT = iphoneos;
				SWIFT_OPTIMIZATION_LEVEL = "-Onone";
			};
			name = Debug;
		};
		A72DEC9E1C1D73CF0024A606 /* Release */ = {
			isa = XCBuildConfiguration;
			buildSettings = {
				ALWAYS_SEARCH_USER_PATHS = NO;
				CLANG_CXX_LANGUAGE_STANDARD = "gnu++0x";
				CLANG_CXX_LIBRARY = "libc++";
				CLANG_ENABLE_MODULES = YES;
				CLANG_ENABLE_OBJC_ARC = YES;
				CLANG_WARN_BOOL_CONVERSION = YES;
				CLANG_WARN_CONSTANT_CONVERSION = YES;
				CLANG_WARN_DIRECT_OBJC_ISA_USAGE = YES_ERROR;
				CLANG_WARN_EMPTY_BODY = YES;
				CLANG_WARN_ENUM_CONVERSION = YES;
				CLANG_WARN_INT_CONVERSION = YES;
				CLANG_WARN_OBJC_ROOT_CLASS = YES_ERROR;
				CLANG_WARN_UNREACHABLE_CODE = YES;
				CLANG_WARN__DUPLICATE_METHOD_MATCH = YES;
				"CODE_SIGN_IDENTITY[sdk=iphoneos*]" = "iPhone Developer";
				COPY_PHASE_STRIP = NO;
				DEBUG_INFORMATION_FORMAT = "dwarf-with-dsym";
				ENABLE_NS_ASSERTIONS = NO;
				ENABLE_STRICT_OBJC_MSGSEND = YES;
				GCC_C_LANGUAGE_STANDARD = gnu99;
				GCC_NO_COMMON_BLOCKS = YES;
				GCC_WARN_64_TO_32_BIT_CONVERSION = YES;
				GCC_WARN_ABOUT_RETURN_TYPE = YES_ERROR;
				GCC_WARN_UNDECLARED_SELECTOR = YES;
				GCC_WARN_UNINITIALIZED_AUTOS = YES_AGGRESSIVE;
				GCC_WARN_UNUSED_FUNCTION = YES;
				GCC_WARN_UNUSED_VARIABLE = YES;
				IPHONEOS_DEPLOYMENT_TARGET = 9.2;
				MTL_ENABLE_DEBUG_INFO = NO;
				SDKROOT = iphoneos;
				VALIDATE_PRODUCT = YES;
			};
			name = Release;
		};
		A72DECA01C1D73CF0024A606 /* Debug */ = {
			isa = XCBuildConfiguration;
			buildSettings = {
				ASSETCATALOG_COMPILER_APPICON_NAME = AppIcon;
				INFOPLIST_FILE = "GitHub Tutorial/Info.plist";
				LD_RUNPATH_SEARCH_PATHS = "$(inherited) @executable_path/Frameworks";
				PRODUCT_BUNDLE_IDENTIFIER = "codepath.GitHub-Tutorial";
				PRODUCT_NAME = "$(TARGET_NAME)";
			};
			name = Debug;
		};
		A72DECA11C1D73CF0024A606 /* Release */ = {
			isa = XCBuildConfiguration;
			buildSettings = {
				ASSETCATALOG_COMPILER_APPICON_NAME = AppIcon;
				INFOPLIST_FILE = "GitHub Tutorial/Info.plist";
				LD_RUNPATH_SEARCH_PATHS = "$(inherited) @executable_path/Frameworks";
				PRODUCT_BUNDLE_IDENTIFIER = "codepath.GitHub-Tutorial";
				PRODUCT_NAME = "$(TARGET_NAME)";
			};
			name = Release;
		};
		A72DECA31C1D73CF0024A606 /* Debug */ = {
			isa = XCBuildConfiguration;
			buildSettings = {
				BUNDLE_LOADER = "$(TEST_HOST)";
				INFOPLIST_FILE = "GitHub TutorialTests/Info.plist";
				LD_RUNPATH_SEARCH_PATHS = "$(inherited) @executable_path/Frameworks @loader_path/Frameworks";
				PRODUCT_BUNDLE_IDENTIFIER = "codepath.GitHub-TutorialTests";
				PRODUCT_NAME = "$(TARGET_NAME)";
				TEST_HOST = "$(BUILT_PRODUCTS_DIR)/GitHub Tutorial.app/GitHub Tutorial";
			};
			name = Debug;
		};
		A72DECA41C1D73CF0024A606 /* Release */ = {
			isa = XCBuildConfiguration;
			buildSettings = {
				BUNDLE_LOADER = "$(TEST_HOST)";
				INFOPLIST_FILE = "GitHub TutorialTests/Info.plist";
				LD_RUNPATH_SEARCH_PATHS = "$(inherited) @executable_path/Frameworks @loader_path/Frameworks";
				PRODUCT_BUNDLE_IDENTIFIER = "codepath.GitHub-TutorialTests";
				PRODUCT_NAME = "$(TARGET_NAME)";
				TEST_HOST = "$(BUILT_PRODUCTS_DIR)/GitHub Tutorial.app/GitHub Tutorial";
			};
			name = Release;
		};
		A72DECA61C1D73CF0024A606 /* Debug */ = {
			isa = XCBuildConfiguration;
			buildSettings = {
				INFOPLIST_FILE = "GitHub TutorialUITests/Info.plist";
				LD_RUNPATH_SEARCH_PATHS = "$(inherited) @executable_path/Frameworks @loader_path/Frameworks";
				PRODUCT_BUNDLE_IDENTIFIER = "codepath.GitHub-TutorialUITests";
				PRODUCT_NAME = "$(TARGET_NAME)";
				TEST_TARGET_NAME = "GitHub Tutorial";
				USES_XCTRUNNER = YES;
			};
			name = Debug;
		};
		A72DECA71C1D73CF0024A606 /* Release */ = {
			isa = XCBuildConfiguration;
			buildSettings = {
				INFOPLIST_FILE = "GitHub TutorialUITests/Info.plist";
				LD_RUNPATH_SEARCH_PATHS = "$(inherited) @executable_path/Frameworks @loader_path/Frameworks";
				PRODUCT_BUNDLE_IDENTIFIER = "codepath.GitHub-TutorialUITests";
				PRODUCT_NAME = "$(TARGET_NAME)";
				TEST_TARGET_NAME = "GitHub Tutorial";
				USES_XCTRUNNER = YES;
			};
			name = Release;
		};
/* End XCBuildConfiguration section */

/* Begin XCConfigurationList section */
		A72DEC721C1D73CF0024A606 /* Build configuration list for PBXProject "GitHub Tutorial" */ = {
			isa = XCConfigurationList;
			buildConfigurations = (
				A72DEC9D1C1D73CF0024A606 /* Debug */,
				A72DEC9E1C1D73CF0024A606 /* Release */,
			);
			defaultConfigurationIsVisible = 0;
			defaultConfigurationName = Release;
		};
		A72DEC9F1C1D73CF0024A606 /* Build configuration list for PBXNativeTarget "GitHub Tutorial" */ = {
			isa = XCConfigurationList;
			buildConfigurations = (
				A72DECA01C1D73CF0024A606 /* Debug */,
				A72DECA11C1D73CF0024A606 /* Release */,
			);
			defaultConfigurationIsVisible = 0;
		};
		A72DECA21C1D73CF0024A606 /* Build configuration list for PBXNativeTarget "GitHub TutorialTests" */ = {
			isa = XCConfigurationList;
			buildConfigurations = (
				A72DECA31C1D73CF0024A606 /* Debug */,
				A72DECA41C1D73CF0024A606 /* Release */,
			);
			defaultConfigurationIsVisible = 0;
		};
		A72DECA51C1D73CF0024A606 /* Build configuration list for PBXNativeTarget "GitHub TutorialUITests" */ = {
			isa = XCConfigurationList;
			buildConfigurations = (
				A72DECA61C1D73CF0024A606 /* Debug */,
				A72DECA71C1D73CF0024A606 /* Release */,
			);
			defaultConfigurationIsVisible = 0;
		};
/* End XCConfigurationList section */
	};
	rootObject = A72DEC6F1C1D73CF0024A606 /* Project object */;
}
